
Microsoft Visual Studio Solution File, Format Version 12.00
# Visual Studio Version 17
VisualStudioVersion = 17.5.002.0
MinimumVisualStudioVersion = 10.0.40219.1
Project("{9A19103F-16F7-4668-BE54-9A1E7A4F7556}") = "tierList", "tierList.csproj", "{71229DD9-059F-4B13-BE96-CF2DF2EC16E9}"
EndProject
Global
	GlobalSection(SolutionConfigurationPlatforms) = preSolution
		Debug|Any CPU = Debug|Any CPU
		Release|Any CPU = Release|Any CPU
	EndGlobalSection
	GlobalSection(ProjectConfigurationPlatforms) = postSolution
		{71229DD9-059F-4B13-BE96-CF2DF2EC16E9}.Debug|Any CPU.ActiveCfg = Debug|Any CPU
		{71229DD9-059F-4B13-BE96-CF2DF2EC16E9}.Debug|Any CPU.Build.0 = Debug|Any CPU
		{71229DD9-059F-4B13-BE96-CF2DF2EC16E9}.Release|Any CPU.ActiveCfg = Release|Any CPU
		{71229DD9-059F-4B13-BE96-CF2DF2EC16E9}.Release|Any CPU.Build.0 = Release|Any CPU
	EndGlobalSection
	GlobalSection(SolutionProperties) = preSolution
		HideSolutionNode = FALSE
	EndGlobalSection
	GlobalSection(ExtensibilityGlobals) = postSolution
		SolutionGuid = {88797955-ED88-4F54-A60D-FD2D7AF5B424}
	EndGlobalSection
EndGlobal
